// !$*UTF8*$!
{
	archiveVersion = 1;
	classes = {
	};
	objectVersion = 46;
	objects = {

/* Begin PBXBuildFile section */
		32EF44F41AA8FB5A00F782F5 /* AppDelegate.swift in Sources */ = {isa = PBXBuildFile; fileRef = 32EF44F31AA8FB5A00F782F5 /* AppDelegate.swift */; };
		32EF44F61AA8FB5A00F782F5 /* ViewController.swift in Sources */ = {isa = PBXBuildFile; fileRef = 32EF44F51AA8FB5A00F782F5 /* ViewController.swift */; };
		32EF44F81AA8FB5A00F782F5 /* Images.xcassets in Resources */ = {isa = PBXBuildFile; fileRef = 32EF44F71AA8FB5A00F782F5 /* Images.xcassets */; };
		32EF44FB1AA8FB5A00F782F5 /* Main.storyboard in Resources */ = {isa = PBXBuildFile; fileRef = 32EF44F91AA8FB5A00F782F5 /* Main.storyboard */; };
		32EF45071AA8FB5A00F782F5 /* Climbing_TripTests.swift in Sources */ = {isa = PBXBuildFile; fileRef = 32EF45061AA8FB5A00F782F5 /* Climbing_TripTests.swift */; };
/* End PBXBuildFile section */

/* Begin PBXContainerItemProxy section */
		32EF45011AA8FB5A00F782F5 /* PBXContainerItemProxy */ = {
			isa = PBXContainerItemProxy;
			containerPortal = 32EF44E61AA8FB5A00F782F5 /* Project object */;
			proxyType = 1;
			remoteGlobalIDString = 32EF44ED1AA8FB5A00F782F5;
			remoteInfo = "Climbing Trip";
		};
/* End PBXContainerItemProxy section */

/* Begin PBXFileReference section */
		32EF44EE1AA8FB5A00F782F5 /* Climbing Trip.app */ = {isa = PBXFileReference; explicitFileType = wrapper.application; includeInIndex = 0; path = "Climbing Trip.app"; sourceTree = BUILT_PRODUCTS_DIR; };
		32EF44F21AA8FB5A00F782F5 /* Info.plist */ = {isa = PBXFileReference; lastKnownFileType = text.plist.xml; path = Info.plist; sourceTree = "<group>"; };
		32EF44F31AA8FB5A00F782F5 /* AppDelegate.swift */ = {isa = PBXFileReference; lastKnownFileType = sourcecode.swift; path = AppDelegate.swift; sourceTree = "<group>"; };
		32EF44F51AA8FB5A00F782F5 /* ViewController.swift */ = {isa = PBXFileReference; lastKnownFileType = sourcecode.swift; path = ViewController.swift; sourceTree = "<group>"; };
		32EF44F71AA8FB5A00F782F5 /* Images.xcassets */ = {isa = PBXFileReference; lastKnownFileType = folder.assetcatalog; path = Images.xcassets; sourceTree = "<group>"; };
		32EF44FA1AA8FB5A00F782F5 /* Base */ = {isa = PBXFileReference; lastKnownFileType = file.storyboard; name = Base; path = Base.lproj/Main.storyboard; sourceTree = "<group>"; };
		32EF45001AA8FB5A00F782F5 /* Climbing TripTests.xctest */ = {isa = PBXFileReference; explicitFileType = wrapper.cfbundle; includeInIndex = 0; path = "Climbing TripTests.xctest"; sourceTree = BUILT_PRODUCTS_DIR; };
		32EF45051AA8FB5A00F782F5 /* Info.plist */ = {isa = PBXFileReference; lastKnownFileType = text.plist.xml; path = Info.plist; sourceTree = "<group>"; };
		32EF45061AA8FB5A00F782F5 /* Climbing_TripTests.swift */ = {isa = PBXFileReference; lastKnownFileType = sourcecode.swift; path = Climbing_TripTests.swift; sourceTree = "<group>"; };
/* End PBXFileReference section */

/* Begin PBXFrameworksBuildPhase section */
		32EF44EB1AA8FB5A00F782F5 /* Frameworks */ = {
			isa = PBXFrameworksBuildPhase;
			buildActionMask = 2147483647;
			files = (
			);
			runOnlyForDeploymentPostprocessing = 0;
		};
		32EF44FD1AA8FB5A00F782F5 /* Frameworks */ = {
			isa = PBXFrameworksBuildPhase;
			buildActionMask = 2147483647;
			files = (
			);
			runOnlyForDeploymentPostprocessing = 0;
		};
/* End PBXFrameworksBuildPhase section */

/* Begin PBXGroup section */
		32EF44E51AA8FB5A00F782F5 = {
			isa = PBXGroup;
			children = (
				32EF44F01AA8FB5A00F782F5 /* Climbing Trip */,
				32EF45031AA8FB5A00F782F5 /* Climbing TripTests */,
				32EF44EF1AA8FB5A00F782F5 /* Products */,
			);
			sourceTree = "<group>";
		};
		32EF44EF1AA8FB5A00F782F5 /* Products */ = {
			isa = PBXGroup;
			children = (
				32EF44EE1AA8FB5A00F782F5 /* Climbing Trip.app */,
				32EF45001AA8FB5A00F782F5 /* Climbing TripTests.xctest */,
			);
			name = Products;
			sourceTree = "<group>";
		};
		32EF44F01AA8FB5A00F782F5 /* Climbing Trip */ = {
			isa = PBXGroup;
			children = (
				32EF44F31AA8FB5A00F782F5 /* AppDelegate.swift */,
				32EF44F51AA8FB5A00F782F5 /* ViewController.swift */,
				32EF44F71AA8FB5A00F782F5 /* Images.xcassets */,
				32EF44F91AA8FB5A00F782F5 /* Main.storyboard */,
				32EF44F11AA8FB5A00F782F5 /* Supporting Files */,
			);
			path = "Climbing Trip";
			sourceTree = "<group>";
		};
		32EF44F11AA8FB5A00F782F5 /* Supporting Files */ = {
			isa = PBXGroup;
			children = (
				32EF44F21AA8FB5A00F782F5 /* Info.plist */,
			);
			name = "Supporting Files";
			sourceTree = "<group>";
		};
		32EF45031AA8FB5A00F782F5 /* Climbing TripTests */ = {
			isa = PBXGroup;
			children = (
				32EF45061AA8FB5A00F782F5 /* Climbing_TripTests.swift */,
				32EF45041AA8FB5A00F782F5 /* Supporting Files */,
			);
			path = "Climbing TripTests";
			sourceTree = "<group>";
		};
		32EF45041AA8FB5A00F782F5 /* Supporting Files */ = {
			isa = PBXGroup;
			children = (
				32EF45051AA8FB5A00F782F5 /* Info.plist */,
			);
			name = "Supporting Files";
			sourceTree = "<group>";
		};
/* End PBXGroup section */

/* Begin PBXNativeTarget section */
		32EF44ED1AA8FB5A00F782F5 /* Climbing Trip */ = {
			isa = PBXNativeTarget;
			buildConfigurationList = 32EF450A1AA8FB5A00F782F5 /* Build configuration list for PBXNativeTarget "Climbing Trip" */;
			buildPhases = (
				32EF44EA1AA8FB5A00F782F5 /* Sources */,
				32EF44EB1AA8FB5A00F782F5 /* Frameworks */,
				32EF44EC1AA8FB5A00F782F5 /* Resources */,
			);
			buildRules = (
			);
			dependencies = (
			);
			name = "Climbing Trip";
			productName = "Climbing Trip";
			productReference = 32EF44EE1AA8FB5A00F782F5 /* Climbing Trip.app */;
			productType = "com.apple.product-type.application";
		};
		32EF44FF1AA8FB5A00F782F5 /* Climbing TripTests */ = {
			isa = PBXNativeTarget;
			buildConfigurationList = 32EF450D1AA8FB5A00F782F5 /* Build configuration list for PBXNativeTarget "Climbing TripTests" */;
			buildPhases = (
				32EF44FC1AA8FB5A00F782F5 /* Sources */,
				32EF44FD1AA8FB5A00F782F5 /* Frameworks */,
				32EF44FE1AA8FB5A00F782F5 /* Resources */,
			);
			buildRules = (
			);
			dependencies = (
				32EF45021AA8FB5A00F782F5 /* PBXTargetDependency */,
			);
			name = "Climbing TripTests";
			productName = "Climbing TripTests";
			productReference = 32EF45001AA8FB5A00F782F5 /* Climbing TripTests.xctest */;
			productType = "com.apple.product-type.bundle.unit-test";
		};
/* End PBXNativeTarget section */

/* Begin PBXProject section */
		32EF44E61AA8FB5A00F782F5 /* Project object */ = {
			isa = PBXProject;
			attributes = {
				LastUpgradeCheck = 0610;
				ORGANIZATIONNAME = OPALAB;
				TargetAttributes = {
					32EF44ED1AA8FB5A00F782F5 = {
						CreatedOnToolsVersion = 6.1.1;
					};
					32EF44FF1AA8FB5A00F782F5 = {
						CreatedOnToolsVersion = 6.1.1;
						TestTargetID = 32EF44ED1AA8FB5A00F782F5;
					};
				};
			};
			buildConfigurationList = 32EF44E91AA8FB5A00F782F5 /* Build configuration list for PBXProject "Climbing Trip" */;
			compatibilityVersion = "Xcode 3.2";
			developmentRegion = English;
			hasScannedForEncodings = 0;
			knownRegions = (
				en,
				Base,
			);
			mainGroup = 32EF44E51AA8FB5A00F782F5;
			productRefGroup = 32EF44EF1AA8FB5A00F782F5 /* Products */;
			projectDirPath = "";
			projectRoot = "";
			targets = (
				32EF44ED1AA8FB5A00F782F5 /* Climbing Trip */,
				32EF44FF1AA8FB5A00F782F5 /* Climbing TripTests */,
			);
		};
/* End PBXProject section */

/* Begin PBXResourcesBuildPhase section */
		32EF44EC1AA8FB5A00F782F5 /* Resources */ = {
			isa = PBXResourcesBuildPhase;
			buildActionMask = 2147483647;
			files = (
				32EF44F81AA8FB5A00F782F5 /* Images.xcassets in Resources */,
				32EF44FB1AA8FB5A00F782F5 /* Main.storyboard in Resources */,
			);
			runOnlyForDeploymentPostprocessing = 0;
		};
		32EF44FE1AA8FB5A00F782F5 /* Resources */ = {
			isa = PBXResourcesBuildPhase;
			buildActionMask = 2147483647;
			files = (
			);
			runOnlyForDeploymentPostprocessing = 0;
		};
/* End PBXResourcesBuildPhase section */

/* Begin PBXSourcesBuildPhase section */
		32EF44EA1AA8FB5A00F782F5 /* Sources */ = {
			isa = PBXSourcesBuildPhase;
			buildActionMask = 2147483647;
			files = (
				32EF44F61AA8FB5A00F782F5 /* ViewController.swift in Sources */,
				32EF44F41AA8FB5A00F782F5 /* AppDelegate.swift in Sources */,
			);
			runOnlyForDeploymentPostprocessing = 0;
		};
		32EF44FC1AA8FB5A00F782F5 /* Sources */ = {
			isa = PBXSourcesBuildPhase;
			buildActionMask = 2147483647;
			files = (
				32EF45071AA8FB5A00F782F5 /* Climbing_TripTests.swift in Sources */,
			);
			runOnlyForDeploymentPostprocessing = 0;
		};
/* End PBXSourcesBuildPhase section */

/* Begin PBXTargetDependency section */
		32EF45021AA8FB5A00F782F5 /* PBXTargetDependency */ = {
			isa = PBXTargetDependency;
			target = 32EF44ED1AA8FB5A00F782F5 /* Climbing Trip */;
			targetProxy = 32EF45011AA8FB5A00F782F5 /* PBXContainerItemProxy */;
		};
/* End PBXTargetDependency section */

/* Begin PBXVariantGroup section */
		32EF44F91AA8FB5A00F782F5 /* Main.storyboard */ = {
			isa = PBXVariantGroup;
			children = (
				32EF44FA1AA8FB5A00F782F5 /* Base */,
			);
			name = Main.storyboard;
			sourceTree = "<group>";
		};
/* End PBXVariantGroup section */

/* Begin XCBuildConfiguration section */
		32EF45081AA8FB5A00F782F5 /* Debug */ = {
			isa = XCBuildConfiguration;
			buildSettings = {
				ALWAYS_SEARCH_USER_PATHS = NO;
				CLANG_CXX_LANGUAGE_STANDARD = "gnu++0x";
				CLANG_CXX_LIBRARY = "libc++";
				CLANG_ENABLE_MODULES = YES;
				CLANG_ENABLE_OBJC_ARC = YES;
				CLANG_WARN_BOOL_CONVERSION = YES;
				CLANG_WARN_CONSTANT_CONVERSION = YES;
				CLANG_WARN_DIRECT_OBJC_ISA_USAGE = YES_ERROR;
				CLANG_WARN_EMPTY_BODY = YES;
				CLANG_WARN_ENUM_CONVERSION = YES;
				CLANG_WARN_INT_CONVERSION = YES;
				CLANG_WARN_OBJC_ROOT_CLASS = YES_ERROR;
				CLANG_WARN_UNREACHABLE_CODE = YES;
				CLANG_WARN__DUPLICATE_METHOD_MATCH = YES;
				CODE_SIGN_IDENTITY = "-";
				COPY_PHASE_STRIP = NO;
				ENABLE_STRICT_OBJC_MSGSEND = YES;
				GCC_C_LANGUAGE_STANDARD = gnu99;
				GCC_DYNAMIC_NO_PIC = NO;
				GCC_OPTIMIZATION_LEVEL = 0;
				GCC_PREPROCESSOR_DEFINITIONS = (
					"DEBUG=1",
					"$(inherited)",
				);
				GCC_SYMBOLS_PRIVATE_EXTERN = NO;
				GCC_WARN_64_TO_32_BIT_CONVERSION = YES;
				GCC_WARN_ABOUT_RETURN_TYPE = YES_ERROR;
				GCC_WARN_UNDECLARED_SELECTOR = YES;
				GCC_WARN_UNINITIALIZED_AUTOS = YES_AGGRESSIVE;
				GCC_WARN_UNUSED_FUNCTION = YES;
				GCC_WARN_UNUSED_VARIABLE = YES;
				MACOSX_DEPLOYMENT_TARGET = 10.10;
				MTL_ENABLE_DEBUG_INFO = YES;
				ONLY_ACTIVE_ARCH = YES;
				SDKROOT = macosx;
				SWIFT_OPTIMIZATION_LEVEL = "-Onone";
			};
			name = Debug;
		};
		32EF45091AA8FB5A00F782F5 /* Release */ = {
			isa = XCBuildConfiguration;
			buildSettings = {
				ALWAYS_SEARCH_USER_PATHS = NO;
				CLANG_CXX_LANGUAGE_STANDARD = "gnu++0x";
				CLANG_CXX_LIBRARY = "libc++";
				CLANG_ENABLE_MODULES = YES;
				CLANG_ENABLE_OBJC_ARC = YES;
				CLANG_WARN_BOOL_CONVERSION = YES;
				CLANG_WARN_CONSTANT_CONVERSION = YES;
				CLANG_WARN_DIRECT_OBJC_ISA_USAGE = YES_ERROR;
				CLANG_WARN_EMPTY_BODY = YES;
				CLANG_WARN_ENUM_CONVERSION = YES;
				CLANG_WARN_INT_CONVERSION = YES;
				CLANG_WARN_OBJC_ROOT_CLASS = YES_ERROR;
				CLANG_WARN_UNREACHABLE_CODE = YES;
				CLANG_WARN__DUPLICATE_METHOD_MATCH = YES;
				CODE_SIGN_IDENTITY = "-";
				COPY_PHASE_STRIP = YES;
				DEBUG_INFORMATION_FORMAT = "dwarf-with-dsym";
				ENABLE_NS_ASSERTIONS = NO;
				ENABLE_STRICT_OBJC_MSGSEND = YES;
				GCC_C_LANGUAGE_STANDARD = gnu99;
				GCC_WARN_64_TO_32_BIT_CONVERSION = YES;
				GCC_WARN_ABOUT_RETURN_TYPE = YES_ERROR;
				GCC_WARN_UNDECLARED_SELECTOR = YES;
				GCC_WARN_UNINITIALIZED_AUTOS = YES_AGGRESSIVE;
				GCC_WARN_UNUSED_FUNCTION = YES;
				GCC_WARN_UNUSED_VARIABLE = YES;
				MACOSX_DEPLOYMENT_TARGET = 10.10;
				MTL_ENABLE_DEBUG_INFO = NO;
				SDKROOT = macosx;
			};
			name = Release;
		};
		32EF450B1AA8FB5A00F782F5 /* Debug */ = {
			isa = XCBuildConfiguration;
			buildSettings = {
				ASSETCATALOG_COMPILER_APPICON_NAME = AppIcon;
				COMBINE_HIDPI_IMAGES = YES;
				INFOPLIST_FILE = "Climbing Trip/Info.plist";
				LD_RUNPATH_SEARCH_PATHS = "$(inherited) @executable_path/../Frameworks";
				PRODUCT_NAME = "$(TARGET_NAME)";
			};
			name = Debug;
		};
		32EF450C1AA8FB5A00F782F5 /* Release */ = {
			isa = XCBuildConfiguration;
			buildSettings = {
				ASSETCATALOG_COMPILER_APPICON_NAME = AppIcon;
				COMBINE_HIDPI_IMAGES = YES;
				INFOPLIST_FILE = "Climbing Trip/Info.plist";
				LD_RUNPATH_SEARCH_PATHS = "$(inherited) @executable_path/../Frameworks";
				PRODUCT_NAME = "$(TARGET_NAME)";
			};
			name = Release;
		};
		32EF450E1AA8FB5A00F782F5 /* Debug */ = {
			isa = XCBuildConfiguration;
			buildSettings = {
				BUNDLE_LOADER = "$(TEST_HOST)";
				COMBINE_HIDPI_IMAGES = YES;
				FRAMEWORK_SEARCH_PATHS = (
					"$(DEVELOPER_FRAMEWORKS_DIR)",
					"$(inherited)",
				);
				GCC_PREPROCESSOR_DEFINITIONS = (
					"DEBUG=1",
					"$(inherited)",
				);
				INFOPLIST_FILE = "Climbing TripTests/Info.plist";
				LD_RUNPATH_SEARCH_PATHS = "$(inherited) @executable_path/../Frameworks @loader_path/../Frameworks";
				PRODUCT_NAME = "$(TARGET_NAME)";
				TEST_HOST = "$(BUILT_PRODUCTS_DIR)/Climbing Trip.app/Contents/MacOS/Climbing Trip";
			};
			name = Debug;
		};
		32EF450F1AA8FB5A00F782F5 /* Release */ = {
			isa = XCBuildConfiguration;
			buildSettings = {
				BUNDLE_LOADER = "$(TEST_HOST)";
				COMBINE_HIDPI_IMAGES = YES;
				FRAMEWORK_SEARCH_PATHS = (
					"$(DEVELOPER_FRAMEWORKS_DIR)",
					"$(inherited)",
				);
				INFOPLIST_FILE = "Climbing TripTests/Info.plist";
				LD_RUNPATH_SEARCH_PATHS = "$(inherited) @executable_path/../Frameworks @loader_path/../Frameworks";
				PRODUCT_NAME = "$(TARGET_NAME)";
				TEST_HOST = "$(BUILT_PRODUCTS_DIR)/Climbing Trip.app/Contents/MacOS/Climbing Trip";
			};
			name = Release;
		};
/* End XCBuildConfiguration section */

/* Begin XCConfigurationList section */
		32EF44E91AA8FB5A00F782F5 /* Build configuration list for PBXProject "Climbing Trip" */ = {
			isa = XCConfigurationList;
			buildConfigurations = (
				32EF45081AA8FB5A00F782F5 /* Debug */,
				32EF45091AA8FB5A00F782F5 /* Release */,
			);
			defaultConfigurationIsVisible = 0;
			defaultConfigurationName = Release;
		};
		32EF450A1AA8FB5A00F782F5 /* Build configuration list for PBXNativeTarget "Climbing Trip" */ = {
			isa = XCConfigurationList;
			buildConfigurations = (
				32EF450B1AA8FB5A00F782F5 /* Debug */,
				32EF450C1AA8FB5A00F782F5 /* Release */,
			);
			defaultConfigurationIsVisible = 0;
		};
		32EF450D1AA8FB5A00F782F5 /* Build configuration list for PBXNativeTarget "Climbing TripTests" */ = {
			isa = XCConfigurationList;
			buildConfigurations = (
				32EF450E1AA8FB5A00F782F5 /* Debug */,
				32EF450F1AA8FB5A00F782F5 /* Release */,
			);
			defaultConfigurationIsVisible = 0;
		};
/* End XCConfigurationList section */
	};
	rootObject = 32EF44E61AA8FB5A00F782F5 /* Project object */;
}
